{
  "name": "security-report-demo",
  "version": "1.0.0",
  "lockfileVersion": 2,
  "requires": true,
  "packages": {
    "": {
      "name": "security-report-demo",
      "version": "1.0.0",
      "dependencies": {
        "webpack-dev-server": "5.2.0",
        "vite": "6.0.11",
        "http-proxy-middleware": "3.0.3",
        "@babel/runtime": "7.26.0",
        "esbuild": "0.24.2"
      }
    }
  },
  "dependencies": {
    "webpack-dev-server": "5.2.0",
        "vite": "6.0.11",
        "http-proxy-middleware": "3.0.3",
        "@babel/runtime": "7.26.0",
        "esbuild": "0.24.2"
  }
}
